
Microsoft Visual Studio Solution File, Format Version 12.00
# Visual Studio Version 17
VisualStudioVersion = 17.14.36414.22
MinimumVisualStudioVersion = 10.0.40219.1
Project("{2150E333-8FDC-42A3-9474-1A3956D46DE8}") = "src", "src", "{02EA681E-C7D8-13C7-8484-4AC65E1B71E8}"
EndProject
Project("{2150E333-8FDC-42A3-9474-1A3956D46DE8}") = "tests", "tests", "{EF063A20-CADA-491E-933B-4EB694E70962}"
EndProject
Project("{FAE04EC0-301F-11D3-BF4B-00C04F79EFBC}") = "Fcg.Orders.API", "src\Fcg.Orders.API\Fcg.Orders.API.csproj", "{AFBBC479-822F-4728-96A9-1455E3232D03}"
EndProject
Project("{FAE04EC0-301F-11D3-BF4B-00C04F79EFBC}") = "Fcg.Orders.Application", "src\Fcg.Orders.Application\Fcg.Orders.Application.csproj", "{394F26D1-38C3-40D2-B42D-F8DDD6477B89}"
EndProject
Project("{FAE04EC0-301F-11D3-BF4B-00C04F79EFBC}") = "Fcg.Orders.Domain", "src\Fcg.Orders.Domain\Fcg.Orders.Domain.csproj", "{C83EFF10-1010-74EB-D145-377D566473C5}"
EndProject
Project("{FAE04EC0-301F-11D3-BF4B-00C04F79EFBC}") = "Fcg.Orders.Infrastructure", "src\Fcg.Orders.Infrastructure\Fcg.Orders.Infrastructure.csproj", "{1EB2BAC4-3151-26DA-5195-92DA96EFE320}"
EndProject
Project("{FAE04EC0-301F-11D3-BF4B-00C04F79EFBC}") = "Fcg.Orders.Application.Tests", "tests\Fcg.Orders.Application.Tests\Fcg.Orders.Application.Tests.csproj", "{1A1D5B3D-033F-4D63-8DEE-A3237B66B638}"
EndProject
Project("{FAE04EC0-301F-11D3-BF4B-00C04F79EFBC}") = "Fcg.Orders.Domain.Tests", "tests\Fcg.Orders.Domain.Tests\Fcg.Orders.Domain.Tests.csproj", "{0CDACD0A-CAF6-4898-AFB6-ADA8BE97CC9D}"
EndProject
Project("{FAE04EC0-301F-11D3-BF4B-00C04F79EFBC}") = "Fcg.Orders.Infrastructure.Tests", "Fcg.Orders.Infrastructure.Tests\Fcg.Orders.Infrastructure.Tests.csproj", "{8C4F7104-D785-484E-8FD0-543C108928AD}"
EndProject
Global
	GlobalSection(SolutionConfigurationPlatforms) = preSolution
		Debug|Any CPU = Debug|Any CPU
		Release|Any CPU = Release|Any CPU
	EndGlobalSection
	GlobalSection(ProjectConfigurationPlatforms) = postSolution
		{AFBBC479-822F-4728-96A9-1455E3232D03}.Debug|Any CPU.ActiveCfg = Debug|Any CPU
		{AFBBC479-822F-4728-96A9-1455E3232D03}.Debug|Any CPU.Build.0 = Debug|Any CPU
		{AFBBC479-822F-4728-96A9-1455E3232D03}.Release|Any CPU.ActiveCfg = Release|Any CPU
		{AFBBC479-822F-4728-96A9-1455E3232D03}.Release|Any CPU.Build.0 = Release|Any CPU
		{394F26D1-38C3-40D2-B42D-F8DDD6477B89}.Debug|Any CPU.ActiveCfg = Debug|Any CPU
		{394F26D1-38C3-40D2-B42D-F8DDD6477B89}.Debug|Any CPU.Build.0 = Debug|Any CPU
		{394F26D1-38C3-40D2-B42D-F8DDD6477B89}.Release|Any CPU.ActiveCfg = Release|Any CPU
		{394F26D1-38C3-40D2-B42D-F8DDD6477B89}.Release|Any CPU.Build.0 = Release|Any CPU
		{C83EFF10-1010-74EB-D145-377D566473C5}.Debug|Any CPU.ActiveCfg = Debug|Any CPU
		{C83EFF10-1010-74EB-D145-377D566473C5}.Debug|Any CPU.Build.0 = Debug|Any CPU
		{C83EFF10-1010-74EB-D145-377D566473C5}.Release|Any CPU.ActiveCfg = Release|Any CPU
		{C83EFF10-1010-74EB-D145-377D566473C5}.Release|Any CPU.Build.0 = Release|Any CPU
		{1EB2BAC4-3151-26DA-5195-92DA96EFE320}.Debug|Any CPU.ActiveCfg = Debug|Any CPU
		{1EB2BAC4-3151-26DA-5195-92DA96EFE320}.Debug|Any CPU.Build.0 = Debug|Any CPU
		{1EB2BAC4-3151-26DA-5195-92DA96EFE320}.Release|Any CPU.ActiveCfg = Release|Any CPU
		{1EB2BAC4-3151-26DA-5195-92DA96EFE320}.Release|Any CPU.Build.0 = Release|Any CPU
		{1A1D5B3D-033F-4D63-8DEE-A3237B66B638}.Debug|Any CPU.ActiveCfg = Debug|Any CPU
		{1A1D5B3D-033F-4D63-8DEE-A3237B66B638}.Debug|Any CPU.Build.0 = Debug|Any CPU
		{1A1D5B3D-033F-4D63-8DEE-A3237B66B638}.Release|Any CPU.ActiveCfg = Release|Any CPU
		{1A1D5B3D-033F-4D63-8DEE-A3237B66B638}.Release|Any CPU.Build.0 = Release|Any CPU
		{0CDACD0A-CAF6-4898-AFB6-ADA8BE97CC9D}.Debug|Any CPU.ActiveCfg = Debug|Any CPU
		{0CDACD0A-CAF6-4898-AFB6-ADA8BE97CC9D}.Debug|Any CPU.Build.0 = Debug|Any CPU
		{0CDACD0A-CAF6-4898-AFB6-ADA8BE97CC9D}.Release|Any CPU.ActiveCfg = Release|Any CPU
		{0CDACD0A-CAF6-4898-AFB6-ADA8BE97CC9D}.Release|Any CPU.Build.0 = Release|Any CPU
		{8C4F7104-D785-484E-8FD0-543C108928AD}.Debug|Any CPU.ActiveCfg = Debug|Any CPU
		{8C4F7104-D785-484E-8FD0-543C108928AD}.Debug|Any CPU.Build.0 = Debug|Any CPU
		{8C4F7104-D785-484E-8FD0-543C108928AD}.Release|Any CPU.ActiveCfg = Release|Any CPU
		{8C4F7104-D785-484E-8FD0-543C108928AD}.Release|Any CPU.Build.0 = Release|Any CPU
	EndGlobalSection
	GlobalSection(SolutionProperties) = preSolution
		HideSolutionNode = FALSE
	EndGlobalSection
	GlobalSection(NestedProjects) = preSolution
		{AFBBC479-822F-4728-96A9-1455E3232D03} = {02EA681E-C7D8-13C7-8484-4AC65E1B71E8}
		{394F26D1-38C3-40D2-B42D-F8DDD6477B89} = {02EA681E-C7D8-13C7-8484-4AC65E1B71E8}
		{C83EFF10-1010-74EB-D145-377D566473C5} = {02EA681E-C7D8-13C7-8484-4AC65E1B71E8}
		{1EB2BAC4-3151-26DA-5195-92DA96EFE320} = {02EA681E-C7D8-13C7-8484-4AC65E1B71E8}
		{1A1D5B3D-033F-4D63-8DEE-A3237B66B638} = {EF063A20-CADA-491E-933B-4EB694E70962}
		{0CDACD0A-CAF6-4898-AFB6-ADA8BE97CC9D} = {EF063A20-CADA-491E-933B-4EB694E70962}
		{8C4F7104-D785-484E-8FD0-543C108928AD} = {EF063A20-CADA-491E-933B-4EB694E70962}
	EndGlobalSection
	GlobalSection(ExtensibilityGlobals) = postSolution
		SolutionGuid = {0C73C719-B4B3-4F1E-83DF-1E5D9EB88E41}
	EndGlobalSection
EndGlobal
